# THIS IS AN AUTOGENERATED FILE. DO NOT EDIT THIS FILE DIRECTLY.
# yarn lockfile v1


"@protobuf-ts/plugin-framework@^2.9.4":
  version "2.9.4"
  resolved "https://registry.yarnpkg.com/@protobuf-ts/plugin-framework/-/plugin-framework-2.9.4.tgz#d7a617dedda4a12c568fdc1db5aa67d5e4da2406"
  integrity sha512-9nuX1kjdMliv+Pes8dQCKyVhjKgNNfwxVHg+tx3fLXSfZZRcUHMc1PMwB9/vTvc6gBKt9QGz5ERqSqZc0++E9A==
  dependencies:
    "@protobuf-ts/runtime" "^2.9.4"
    typescript "^3.9"

"@protobuf-ts/plugin@^2.9.4":
  version "2.9.4"
  resolved "https://registry.yarnpkg.com/@protobuf-ts/plugin/-/plugin-2.9.4.tgz#4e593e59013aaad313e7abbabe6e61964ef0ca28"
  integrity sha512-Db5Laq5T3mc6ERZvhIhkj1rn57/p8gbWiCKxQWbZBBl20wMuqKoHbRw4tuD7FyXi+IkwTToaNVXymv5CY3E8Rw==
  dependencies:
    "@protobuf-ts/plugin-framework" "^2.9.4"
    "@protobuf-ts/protoc" "^2.9.4"
    "@protobuf-ts/runtime" "^2.9.4"
    "@protobuf-ts/runtime-rpc" "^2.9.4"
    typescript "^3.9"

"@protobuf-ts/protoc@^2.9.4":
  version "2.9.4"
  resolved "https://registry.yarnpkg.com/@protobuf-ts/protoc/-/protoc-2.9.4.tgz#a92262ee64d252998540238701d2140f4ffec081"
  integrity sha512-hQX+nOhFtrA+YdAXsXEDrLoGJqXHpgv4+BueYF0S9hy/Jq0VRTVlJS1Etmf4qlMt/WdigEes5LOd/LDzui4GIQ==

"@protobuf-ts/runtime-rpc@^2.9.4":
  version "2.9.4"
  resolved "https://registry.yarnpkg.com/@protobuf-ts/runtime-rpc/-/runtime-rpc-2.9.4.tgz#d6ab2316c0ba67ce5a08863bb23203a837ff2a3b"
  integrity sha512-y9L9JgnZxXFqH5vD4d7j9duWvIJ7AShyBRoNKJGhu9Q27qIbchfzli66H9RvrQNIFk5ER7z1Twe059WZGqERcA==
  dependencies:
    "@protobuf-ts/runtime" "^2.9.4"

"@protobuf-ts/runtime@^2.9.4":
  version "2.9.4"
  resolved "https://registry.yarnpkg.com/@protobuf-ts/runtime/-/runtime-2.9.4.tgz#db8a78b1c409e26d258ca39464f4757d804add8f"
  integrity sha512-vHRFWtJJB/SiogWDF0ypoKfRIZ41Kq+G9cEFj6Qm1eQaAhJ1LDFvgZ7Ja4tb3iLOQhz0PaoPnnOijF1qmEqTxg==

typescript@^3.9:
  version "3.9.10"
  resolved "https://registry.yarnpkg.com/typescript/-/typescript-3.9.10.tgz#70f3910ac7a51ed6bef79da7800690b19bf778b8"
  integrity sha512-w6fIxVE/H1PkLKcCPsFqKE7Kv7QUwhU8qQY2MueZXWx5cPZdwFupLgKK3vntcK98BtNHZtAF4LA/yl2a7k8R6Q==
